<?xml version="1.0" encoding="utf-8"?>
<Project ToolsVersion="4.0" xmlns="http://schemas.microsoft.com/developer/msbuild/2003">
  <ItemGroup>
    <Filter Include="Source Files">
      <UniqueIdentifier>{4FC737F1-C7A5-4376-A066-2A32D752A2FF}</UniqueIdentifier>
      <Extensions>cpp;c;cc;cxx;def;odl;idl;hpj;bat;asm;asmx</Extensions>
    </Filter>
    <Filter Include="Header Files">
      <UniqueIdentifier>{93995380-89BD-4b04-88EB-625FBE52EBFB}</UniqueIdentifier>
      <Extensions>h;hh;hpp;hxx;hm;inl;inc;xsd</Extensions>
    </Filter>
    <Filter Include="Resource Files">
      <UniqueIdentifier>{D9D6E242-F8AF-46E4-B9FD-80ECBC20BA3E}</UniqueIdentifier>
      <Extensions>qrc;*</Extensions>
      <ParseFiles>false</ParseFiles>
    </Filter>
    <Filter Include="Form Files">
      <UniqueIdentifier>{99349809-55BA-4b9d-BF79-8FDBB0286EB3}</UniqueIdentifier>
      <Extensions>ui</Extensions>
    </Filter>
    <Filter Include="Resource Files">
      <UniqueIdentifier>{D9D6E242-F8AF-46E4-B9FD-80ECBC20BA3E}</UniqueIdentifier>
      <Extensions>qrc;*</Extensions>
      <ParseFiles>false</ParseFiles>
    </Filter>
    <Filter Include="Generated Files">
      <UniqueIdentifier>{71ED8ED8-ACB9-4CE9-BBE1-E00B30144E11}</UniqueIdentifier>
      <Extensions>moc;h;cpp</Extensions>
      <SourceControlFiles>False</SourceControlFiles>
    </Filter>
  </ItemGroup>
  <ItemGroup>
    <ClCompile Include="main.cpp">
      <Filter>Source Files</Filter>
    </ClCompile>
    <ClCompile Include="QtEnvTest.cpp">
      <Filter>Source Files</Filter>
    </ClCompile>
    <ClCompile Include="customtreewidgetbase.cpp">
      <Filter>Source Files</Filter>
    </ClCompile>
    <ClCompile Include="devicdatamanager.cpp">
      <Filter>Source Files</Filter>
    </ClCompile>
    <ClCompile Include="devicemanagerwidget.cpp">
      <Filter>Source Files</Filter>
    </ClCompile>
    <ClCompile Include="DeviceNoReceiveTreeWidget.cpp">
      <Filter>Source Files</Filter>
    </ClCompile>
    <ClCompile Include="DeviceReceiveTreeWidget.cpp">
      <Filter>Source Files</Filter>
    </ClCompile>
    <ClCompile Include="DeviceTreeWidget.cpp">
      <Filter>Source Files</Filter>
    </ClCompile>
    <ClCompile Include="itemselectdelegate.cpp">
      <Filter>Source Files</Filter>
    </ClCompile>
    <ClCompile Include="messageeditorwidget.cpp">
      <Filter>Source Files</Filter>
    </ClCompile>
    <ClCompile Include="NoReceiveTreeWidget.cpp">
      <Filter>Source Files</Filter>
    </ClCompile>
    <ClCompile Include="protocolmanagerwidget.cpp">
      <Filter>Source Files</Filter>
    </ClCompile>
    <ClCompile Include="ProtocolNoReceiveTreeWidget.cpp">
      <Filter>Source Files</Filter>
    </ClCompile>
    <ClCompile Include="ProtocolReceiveTreeWidget.cpp">
      <Filter>Source Files</Filter>
    </ClCompile>
    <ClCompile Include="ProtocolTreeWidget.cpp">
      <Filter>Source Files</Filter>
    </ClCompile>
    <ClCompile Include="readDeviceXml.cpp">
      <Filter>Source Files</Filter>
    </ClCompile>
    <ClCompile Include="ReceiveTreeWidget.cpp">
      <Filter>Source Files</Filter>
    </ClCompile>
    <ClCompile Include="spinnerdelegate.cpp">
      <Filter>Source Files</Filter>
    </ClCompile>
    <ClCompile Include="treeitemminedata.cpp">
      <Filter>Source Files</Filter>
    </ClCompile>
    <ClCompile Include="xlDataManager.cpp">
      <Filter>Source Files</Filter>
    </ClCompile>
    <ClCompile Include="xlreader.cpp">
      <Filter>Source Files</Filter>
    </ClCompile>
    <ClCompile Include="xmlreader.cpp">
      <Filter>Source Files</Filter>
    </ClCompile>
    <ClCompile Include="xmlwriter.cpp">
      <Filter>Source Files</Filter>
    </ClCompile>
    <ClCompile Include="xlWriter.cpp">
      <Filter>Source Files</Filter>
    </ClCompile>
    <ClCompile Include="ItemFollowOther.cpp">
      <Filter>Source Files</Filter>
    </ClCompile>
  </ItemGroup>
  <ItemGroup>
    <QtMoc Include="QtEnvTest.h">
      <Filter>Header Files</Filter>
    </QtMoc>
    <QtMoc Include="customtreewidgetbase.h">
      <Filter>Header Files</Filter>
    </QtMoc>
    <QtMoc Include="devicdatamanager.h">
      <Filter>Header Files</Filter>
    </QtMoc>
    <QtMoc Include="devicemanagerwidget.h">
      <Filter>Header Files</Filter>
    </QtMoc>
    <QtMoc Include="DeviceNoReceiveTreeWidget.h">
      <Filter>Header Files</Filter>
    </QtMoc>
    <QtMoc Include="DeviceReceiveTreeWidget.h">
      <Filter>Header Files</Filter>
    </QtMoc>
    <QtMoc Include="itemselectdelegate.h">
      <Filter>Header Files</Filter>
    </QtMoc>
    <QtMoc Include="messageeditorwidget.h">
      <Filter>Header Files</Filter>
    </QtMoc>
    <QtMoc Include="protocolmanagerwidget.h">
      <Filter>Header Files</Filter>
    </QtMoc>
    <QtMoc Include="ProtocolNoReceiveTreeWidget.h">
      <Filter>Header Files</Filter>
    </QtMoc>
    <QtMoc Include="ProtocolReceiveTreeWidget.h">
      <Filter>Header Files</Filter>
    </QtMoc>
    <QtMoc Include="spinnerdelegate.h">
      <Filter>Header Files</Filter>
    </QtMoc>
    <QtMoc Include="treeitemminedata.h">
      <Filter>Header Files</Filter>
    </QtMoc>
    <QtMoc Include="xlDataManager.h">
      <Filter>Header Files</Filter>
    </QtMoc>
    <QtMoc Include="xmlreader.h">
      <Filter>Header Files</Filter>
    </QtMoc>
    <QtMoc Include="xmlwriter.h">
      <Filter>Header Files</Filter>
    </QtMoc>
    <QtMoc Include="xlWriter.h">
      <Filter>Header Files</Filter>
    </QtMoc>
    <QtMoc Include="ItemFollowOther.h">
      <Filter>Header Files</Filter>
    </QtMoc>
  </ItemGroup>
  <ItemGroup>
    <QtUic Include="QtEnvTest.ui">
      <Filter>Form Files</Filter>
    </QtUic>
    <QtUic Include="devicemanagerwidget.ui">
      <Filter>Form Files</Filter>
    </QtUic>
    <QtUic Include="messageeditorwidget.ui">
      <Filter>Form Files</Filter>
    </QtUic>
    <QtUic Include="protocolmanagerwidget.ui">
      <Filter>Form Files</Filter>
    </QtUic>
  </ItemGroup>
  <ItemGroup>
    <QtRcc Include="QtEnvTest.qrc">
      <Filter>Resource Files</Filter>
    </QtRcc>
  </ItemGroup>
  <ItemGroup>
    <ClInclude Include="DeviceTreeWidget.h">
      <Filter>Header Files</Filter>
    </ClInclude>
    <ClInclude Include="NoReceiveTreeWidget.h">
      <Filter>Header Files</Filter>
    </ClInclude>
    <ClInclude Include="ProtocolTreeWidget.h">
      <Filter>Header Files</Filter>
    </ClInclude>
    <ClInclude Include="readDeviceXml.h">
      <Filter>Header Files</Filter>
    </ClInclude>
    <ClInclude Include="ReceiveTreeWidget.h">
      <Filter>Header Files</Filter>
    </ClInclude>
    <ClInclude Include="xlreader.h">
      <Filter>Header Files</Filter>
    </ClInclude>
  </ItemGroup>
  <ItemGroup>
    <Xml Include="elCD.XML" />
  </ItemGroup>
</Project>